
Microsoft Visual Studio Solution File, Format Version 12.00
# Visual Studio Version 17
VisualStudioVersion = 17.3.32825.248
MinimumVisualStudioVersion = 10.0.40219.1
Project("{FAE04EC0-301F-11D3-BF4B-00C04F79EFBC}") = "SoaProductApp", "SoaProductApp.csproj", "{758FD893-7FC0-465F-B1C8-362BACAE4D54}"
EndProject
Global
	GlobalSection(SolutionConfigurationPlatforms) = preSolution
		Debug|Any CPU = Debug|Any CPU
		Release|Any CPU = Release|Any CPU
	EndGlobalSection
	GlobalSection(ProjectConfigurationPlatforms) = postSolution
		{758FD893-7FC0-465F-B1C8-362BACAE4D54}.Debug|Any CPU.ActiveCfg = Debug|Any CPU
		{758FD893-7FC0-465F-B1C8-362BACAE4D54}.Debug|Any CPU.Build.0 = Debug|Any CPU
		{758FD893-7FC0-465F-B1C8-362BACAE4D54}.Release|Any CPU.ActiveCfg = Release|Any CPU
		{758FD893-7FC0-465F-B1C8-362BACAE4D54}.Release|Any CPU.Build.0 = Release|Any CPU
	EndGlobalSection
	GlobalSection(SolutionProperties) = preSolution
		HideSolutionNode = FALSE
	EndGlobalSection
	GlobalSection(ExtensibilityGlobals) = postSolution
		SolutionGuid = {FC10EF49-7798-4E18-9CE2-34E91AD0ED4A}
	EndGlobalSection
EndGlobal
